// !$*UTF8*$!
{
	archiveVersion = 1;
	classes = {
	};
	objectVersion = 77;
	objects = {

/* Begin PBXBuildFile section */
		77D38C1091328C6E3F5EB637 /* FeatureFlagStore.swift in Sources */ = {isa = PBXBuildFile; fileRef = 39D8F1587800BE55C2E9602F /* FeatureFlagStore.swift */; };
		7A28D6E5F7F717A08356BAB9 /* FeatureFlagConnector.swift in Sources */ = {isa = PBXBuildFile; fileRef = AED69FA84C52534776F58646 /* FeatureFlagConnector.swift */; };
		B529E22C2F45469900F8CE76 /* AGENTS.md in Resources */ = {isa = PBXBuildFile; fileRef = B529E22B2F45469900F8CE76 /* AGENTS.md */; };
		B5362E382E2747FC00E120B7 /* CONTRIBUTING-FFP.md in Resources */ = {isa = PBXBuildFile; fileRef = B5362E362E2747FC00E120B7 /* CONTRIBUTING-FFP.md */; };
		B597799F2EB93B9B00712D85 /* CurrentUserService.swift in Sources */ = {isa = PBXBuildFile; fileRef = B59779502EB93B9B00712D85 /* CurrentUserService.swift */; };
		B59779A02EB93B9B00712D85 /* FirestoreConnector.swift in Sources */ = {isa = PBXBuildFile; fileRef = B59779512EB93B9B00712D85 /* FirestoreConnector.swift */; };
		B59779A12EB93B9B00712D85 /* HelpTextConnector.swift in Sources */ = {isa = PBXBuildFile; fileRef = B59779522EB93B9B00712D85 /* HelpTextConnector.swift */; };
		B59779A22EB93B9B00712D85 /* PostsConnector.swift in Sources */ = {isa = PBXBuildFile; fileRef = B59779532EB93B9B00712D85 /* PostsConnector.swift */; };
		B59779A32EB93B9B00712D85 /* RestrictedWordConnector.swift in Sources */ = {isa = PBXBuildFile; fileRef = B59779542EB93B9B00712D85 /* RestrictedWordConnector.swift */; };
		B59779A42EB93B9B00712D85 /* CloudErrorCodes.swift in Sources */ = {isa = PBXBuildFile; fileRef = B59779562EB93B9B00712D85 /* CloudErrorCodes.swift */; };
		B59779A52EB93B9B00712D85 /* SignInOutObserver.swift in Sources */ = {isa = PBXBuildFile; fileRef = B59779572EB93B9B00712D85 /* SignInOutObserver.swift */; };
		B59779A62EB93B9B00712D85 /* ActivityLogEntry.swift in Sources */ = {isa = PBXBuildFile; fileRef = B59779592EB93B9B00712D85 /* ActivityLogEntry.swift */; };
		B59779A72EB93B9B00712D85 /* Announcement.swift in Sources */ = {isa = PBXBuildFile; fileRef = B597795A2EB93B9B00712D85 /* Announcement.swift */; };
		B59779A82EB93B9B00712D85 /* Contact.swift in Sources */ = {isa = PBXBuildFile; fileRef = B597795B2EB93B9B00712D85 /* Contact.swift */; };
		B59779A92EB93B9B00712D85 /* HelpText.swift in Sources */ = {isa = PBXBuildFile; fileRef = B597795C2EB93B9B00712D85 /* HelpText.swift */; };
		B59779AA2EB93B9B00712D85 /* Posts.swift in Sources */ = {isa = PBXBuildFile; fileRef = B597795D2EB93B9B00712D85 /* Posts.swift */; };
		B59779AB2EB93B9B00712D85 /* User.swift in Sources */ = {isa = PBXBuildFile; fileRef = B597795E2EB93B9B00712D85 /* User.swift */; };
		B59779AC2EB93B9B00712D85 /* Listable.swift in Sources */ = {isa = PBXBuildFile; fileRef = B59779602EB93B9B00712D85 /* Listable.swift */; };
		B59779AD2EB93B9B00712D85 /* Loadable.swift in Sources */ = {isa = PBXBuildFile; fileRef = B59779612EB93B9B00712D85 /* Loadable.swift */; };
		B59779AE2EB93B9B00712D85 /* AnnouncementStore.swift in Sources */ = {isa = PBXBuildFile; fileRef = B59779632EB93B9B00712D85 /* AnnouncementStore.swift */; };
		B59779AF2EB93B9B00712D85 /* HelpTextStore.swift in Sources */ = {isa = PBXBuildFile; fileRef = B59779642EB93B9B00712D85 /* HelpTextStore.swift */; };
		B59779B02EB93B9B00712D85 /* ModelContainerManager.swift in Sources */ = {isa = PBXBuildFile; fileRef = B59779652EB93B9B00712D85 /* ModelContainerManager.swift */; };
		B59779B12EB93B9B00712D85 /* PostStores.swift in Sources */ = {isa = PBXBuildFile; fileRef = B59779662EB93B9B00712D85 /* PostStores.swift */; };
		B59779B22EB93B9B00712D85 /* RestrictedWordStore.swift in Sources */ = {isa = PBXBuildFile; fileRef = B59779672EB93B9B00712D85 /* RestrictedWordStore.swift */; };
		B59779B42EB93B9B00712D85 /* ListableStore.swift in Sources */ = {isa = PBXBuildFile; fileRef = B597796A2EB93B9B00712D85 /* ListableStore.swift */; };
		B59779B52EB93B9B00712D85 /* ModelContainerConfig.swift in Sources */ = {isa = PBXBuildFile; fileRef = B597796B2EB93B9B00712D85 /* ModelContainerConfig.swift */; };
		B59779B62EB93B9B00712D85 /* DebugLogging.swift in Sources */ = {isa = PBXBuildFile; fileRef = B597796D2EB93B9B00712D85 /* DebugLogging.swift */; };
		B59779B72EB93B9B00712D85 /* DeviceStamping.swift in Sources */ = {isa = PBXBuildFile; fileRef = B597796E2EB93B9B00712D85 /* DeviceStamping.swift */; };
		B59779B82EB93B9B00712D85 /* UserAccountViewModel.swift in Sources */ = {isa = PBXBuildFile; fileRef = B59779702EB93B9B00712D85 /* UserAccountViewModel.swift */; };
		B59779B92EB93B9B00712D85 /* UserPostViewModel.swift in Sources */ = {isa = PBXBuildFile; fileRef = B59779712EB93B9B00712D85 /* UserPostViewModel.swift */; };
		B59779BA2EB93B9B00712D85 /* ContactDetailView.swift in Sources */ = {isa = PBXBuildFile; fileRef = B59779732EB93B9B00712D85 /* ContactDetailView.swift */; };
		B59779BB2EB93B9B00712D85 /* ContactListView.swift in Sources */ = {isa = PBXBuildFile; fileRef = B59779742EB93B9B00712D85 /* ContactListView.swift */; };
		B59779BC2EB93B9B00712D85 /* HomeView.swift in Sources */ = {isa = PBXBuildFile; fileRef = B59779762EB93B9B00712D85 /* HomeView.swift */; };
		B59779BD2EB93B9B00712D85 /* MainMenuView.swift in Sources */ = {isa = PBXBuildFile; fileRef = B59779772EB93B9B00712D85 /* MainMenuView.swift */; };
		B59779BE2EB93B9B00712D85 /* CommentsMainView.swift in Sources */ = {isa = PBXBuildFile; fileRef = B59779792EB93B9B00712D85 /* CommentsMainView.swift */; };
		B59779BF2EB93B9B00712D85 /* PostBubbleView.swift in Sources */ = {isa = PBXBuildFile; fileRef = B597797A2EB93B9B00712D85 /* PostBubbleView.swift */; };
		B59779C02EB93B9B00712D85 /* PostsScrollView.swift in Sources */ = {isa = PBXBuildFile; fileRef = B597797B2EB93B9B00712D85 /* PostsScrollView.swift */; };
		B59779C12EB93B9B00712D85 /* UserPostsStackView.swift in Sources */ = {isa = PBXBuildFile; fileRef = B597797C2EB93B9B00712D85 /* UserPostsStackView.swift */; };
		B59779C32EB93B9B00712D85 /* ActivityLogView.swift in Sources */ = {isa = PBXBuildFile; fileRef = B597797F2EB93B9B00712D85 /* ActivityLogView.swift */; };
		B59779C42EB93B9B00712D85 /* OverlayView.swift in Sources */ = {isa = PBXBuildFile; fileRef = B59779802EB93B9B00712D85 /* OverlayView.swift */; };
		B59779C52EB93B9B00712D85 /* SettingsView.swift in Sources */ = {isa = PBXBuildFile; fileRef = B59779812EB93B9B00712D85 /* SettingsView.swift */; };
		B59779C62EB93B9B00712D85 /* StoreListView.swift in Sources */ = {isa = PBXBuildFile; fileRef = B59779822EB93B9B00712D85 /* StoreListView.swift */; };
		B59779C72EB93B9B00712D85 /* SupportLinkView.swift in Sources */ = {isa = PBXBuildFile; fileRef = B59779832EB93B9B00712D85 /* SupportLinkView.swift */; };
		B59779C82EB93B9B00712D85 /* SupportView.swift in Sources */ = {isa = PBXBuildFile; fileRef = B59779842EB93B9B00712D85 /* SupportView.swift */; };
		B59779C92EB93B9B00712D85 /* VideoBackgroundView.swift in Sources */ = {isa = PBXBuildFile; fileRef = B59779852EB93B9B00712D85 /* VideoBackgroundView.swift */; };
		B59779CA2EB93B9B00712D85 /* VStackBox.swift in Sources */ = {isa = PBXBuildFile; fileRef = B59779862EB93B9B00712D85 /* VStackBox.swift */; };
		B59779CB2EB93B9B00712D85 /* ChangePasswordView.swift in Sources */ = {isa = PBXBuildFile; fileRef = B59779882EB93B9B00712D85 /* ChangePasswordView.swift */; };
		B59779CC2EB93B9B00712D85 /* CreateAccountView.swift in Sources */ = {isa = PBXBuildFile; fileRef = B59779892EB93B9B00712D85 /* CreateAccountView.swift */; };
		B59779CD2EB93B9B00712D85 /* RequiresSignInView.swift in Sources */ = {isa = PBXBuildFile; fileRef = B597798A2EB93B9B00712D85 /* RequiresSignInView.swift */; };
		B59779CE2EB93B9B00712D85 /* SignUpInLinkView.swift in Sources */ = {isa = PBXBuildFile; fileRef = B597798B2EB93B9B00712D85 /* SignUpInLinkView.swift */; };
		B59779CF2EB93B9B00712D85 /* SignUpInOutView.swift in Sources */ = {isa = PBXBuildFile; fileRef = B597798C2EB93B9B00712D85 /* SignUpInOutView.swift */; };
		B59779D02EB93B9B00712D85 /* UserAccountProfileView.swift in Sources */ = {isa = PBXBuildFile; fileRef = B597798D2EB93B9B00712D85 /* UserAccountProfileView.swift */; };
		B59779D12EB93B9B00712D85 /* UserAccountView.swift in Sources */ = {isa = PBXBuildFile; fileRef = B597798E2EB93B9B00712D85 /* UserAccountView.swift */; };
		B59779D22EB93B9B00712D85 /* UserAssociationView.swift in Sources */ = {isa = PBXBuildFile; fileRef = B597798F2EB93B9B00712D85 /* UserAssociationView.swift */; };
		B59779D32EB93B9B00712D85 /* UserDemographicsView.swift in Sources */ = {isa = PBXBuildFile; fileRef = B59779902EB93B9B00712D85 /* UserDemographicsView.swift */; };
		B59779D42EB93B9B00712D85 /* CustomLabeledContentStyle.swift in Sources */ = {isa = PBXBuildFile; fileRef = B59779932EB93B9B00712D85 /* CustomLabeledContentStyle.swift */; };
		B59779D52EB93B9B00712D85 /* ErrorAlertViewModifier.swift in Sources */ = {isa = PBXBuildFile; fileRef = B59779942EB93B9B00712D85 /* ErrorAlertViewModifier.swift */; };
		B59779D62EB93B9B00712D85 /* NavigationItem.swift in Sources */ = {isa = PBXBuildFile; fileRef = B59779952EB93B9B00712D85 /* NavigationItem.swift */; };
		B59779D72EB93B9B00712D85 /* ViewConfig.swift in Sources */ = {isa = PBXBuildFile; fileRef = B59779962EB93B9B00712D85 /* ViewConfig.swift */; };
		B59779D82EB93B9B00712D85 /* LaunchView.swift in Sources */ = {isa = PBXBuildFile; fileRef = B597799B2EB93B9B00712D85 /* LaunchView.swift */; };
		B59779D92EB93B9B00712D85 /* templateApp.swift in Sources */ = {isa = PBXBuildFile; fileRef = B597799D2EB93B9B00712D85 /* templateApp.swift */; };
		B59779DA2EB93B9B00712D85 /* Assets.xcassets in Resources */ = {isa = PBXBuildFile; fileRef = B59779982EB93B9B00712D85 /* Assets.xcassets */; };
		B59779DB2EB93B9B00712D85 /* GoogleService-Info.plist in Resources */ = {isa = PBXBuildFile; fileRef = B59779992EB93B9B00712D85 /* GoogleService-Info.plist */; };
		B59779DC2EB93B9B00712D85 /* LaunchScreen.storyboard in Resources */ = {isa = PBXBuildFile; fileRef = B597799A2EB93B9B00712D85 /* LaunchScreen.storyboard */; };
		B59779DD2EB93B9B00712D85 /* template_diff.zsh in Resources */ = {isa = PBXBuildFile; fileRef = B597799C2EB93B9B00712D85 /* template_diff.zsh */; };
		B59779DF2EB98A9900712D85 /* MainTabView.swift in Sources */ = {isa = PBXBuildFile; fileRef = B59779DE2EB98A9900712D85 /* MainTabView.swift */; };
		B59779E12EB98F5A00712D85 /* MainViewPreviewWrapper.swift in Sources */ = {isa = PBXBuildFile; fileRef = B59779E02EB98F5A00712D85 /* MainViewPreviewWrapper.swift */; };
		B59779E32F515A0000712D85 /* CompleteAccountView.swift in Sources */ = {isa = PBXBuildFile; fileRef = B59779E22F515A0000712D85 /* CompleteAccountView.swift */; };
		B59779E52F56789000712D85 /* PollingViewModifier.swift in Sources */ = {isa = PBXBuildFile; fileRef = B59779E42F56789000712D85 /* PollingViewModifier.swift */; };
		B59779E62F5B9A0000712D85 /* ViewHelpers.swift in Sources */ = {isa = PBXBuildFile; fileRef = B59779E72F5B9A0000712D85 /* ViewHelpers.swift */; };
		B59779F12F5B8A0000712D85 /* VerifyEmailView.swift in Sources */ = {isa = PBXBuildFile; fileRef = B59779F02F5B8A0000712D85 /* VerifyEmailView.swift */; };
		B59779F32F5B8A0000712D85 /* VerifyEmailLinkView.swift in Sources */ = {isa = PBXBuildFile; fileRef = B59779F22F5B8A0000712D85 /* VerifyEmailLinkView.swift */; };
		B5977A002EB93B9B00712D85 /* MessagesMainView.swift in Sources */ = {isa = PBXBuildFile; fileRef = B5977A012EB93B9B00712D85 /* MessagesMainView.swift */; };
		B5977A102EB93B9B00712D85 /* UsersConnector.swift in Sources */ = {isa = PBXBuildFile; fileRef = B5977A112EB93B9B00712D85 /* UsersConnector.swift */; };
		B5977A212EB93B9B00712D85 /* MessagesViewModel.swift in Sources */ = {isa = PBXBuildFile; fileRef = B5977A202EB93B9B00712D85 /* MessagesViewModel.swift */; };
		B5A0A71C2F32A21A004D0593 /* DefaultConnector in Frameworks */ = {isa = PBXBuildFile; productRef = B5A0A71B2F32A21A004D0593 /* DefaultConnector */; };
		B5C0BD622E24187300641B69 /* LICENSE in Resources */ = {isa = PBXBuildFile; fileRef = B5C0BD602E24187300641B69 /* LICENSE */; };
		B5C0BD632E24187300641B69 /* README.md in Resources */ = {isa = PBXBuildFile; fileRef = B5C0BD612E24187300641B69 /* README.md */; };
		B5C0BD652E2418F100641B69 /* LICENSE-EXCEPTIONS.md in Resources */ = {isa = PBXBuildFile; fileRef = B5C0BD642E2418E200641B69 /* LICENSE-EXCEPTIONS.md */; };
		B5C0BDE62E241F1000641B69 /* DefaultConnector in Frameworks */ = {isa = PBXBuildFile; productRef = B5C0BDE52E241F1000641B69 /* DefaultConnector */; };
		B5C0BDE92E241F6F00641B69 /* FirebaseAppCheck in Frameworks */ = {isa = PBXBuildFile; productRef = B5C0BDE82E241F6F00641B69 /* FirebaseAppCheck */; };
		B5C0BDEB2E241F6F00641B69 /* FirebaseAuth in Frameworks */ = {isa = PBXBuildFile; productRef = B5C0BDEA2E241F6F00641B69 /* FirebaseAuth */; };
		B5C0BDED2E241F6F00641B69 /* FirebaseCore in Frameworks */ = {isa = PBXBuildFile; productRef = B5C0BDEC2E241F6F00641B69 /* FirebaseCore */; };
		B5C0BDEF2E241F6F00641B69 /* FirebaseDatabase in Frameworks */ = {isa = PBXBuildFile; productRef = B5C0BDEE2E241F6F00641B69 /* FirebaseDatabase */; };
		B5C0BDF12E241F6F00641B69 /* FirebaseFirestore in Frameworks */ = {isa = PBXBuildFile; productRef = B5C0BDF02E241F6F00641B69 /* FirebaseFirestore */; };
		B5C0BE0B2E271C4900641B69 /* CONTRIBUTING.md in Resources */ = {isa = PBXBuildFile; fileRef = B5C0BE0A2E271C4900641B69 /* CONTRIBUTING.md */; };
		E2C08A0171F0454275179C9A /* FeatureFlag.swift in Sources */ = {isa = PBXBuildFile; fileRef = 42FA9C49A6628BE1C69507A6 /* FeatureFlag.swift */; };
/* End PBXBuildFile section */

/* Begin PBXFileReference section */
		39D8F1587800BE55C2E9602F /* FeatureFlagStore.swift */ = {isa = PBXFileReference; lastKnownFileType = sourcecode.swift; path = FeatureFlagStore.swift; sourceTree = "<group>"; };
		42FA9C49A6628BE1C69507A6 /* FeatureFlag.swift */ = {isa = PBXFileReference; lastKnownFileType = sourcecode.swift; path = FeatureFlag.swift; sourceTree = "<group>"; };
		AED69FA84C52534776F58646 /* FeatureFlagConnector.swift */ = {isa = PBXFileReference; lastKnownFileType = sourcecode.swift; path = FeatureFlagConnector.swift; sourceTree = "<group>"; };
		B529E22B2F45469900F8CE76 /* AGENTS.md */ = {isa = PBXFileReference; lastKnownFileType = net.daringfireball.markdown; path = AGENTS.md; sourceTree = "<group>"; };
		B5362E362E2747FC00E120B7 /* CONTRIBUTING-FFP.md */ = {isa = PBXFileReference; lastKnownFileType = net.daringfireball.markdown; path = "CONTRIBUTING-FFP.md"; sourceTree = "<group>"; };
		B59779502EB93B9B00712D85 /* CurrentUserService.swift */ = {isa = PBXFileReference; lastKnownFileType = sourcecode.swift; path = CurrentUserService.swift; sourceTree = "<group>"; };
		B59779512EB93B9B00712D85 /* FirestoreConnector.swift */ = {isa = PBXFileReference; lastKnownFileType = sourcecode.swift; path = FirestoreConnector.swift; sourceTree = "<group>"; };
		B59779522EB93B9B00712D85 /* HelpTextConnector.swift */ = {isa = PBXFileReference; lastKnownFileType = sourcecode.swift; path = HelpTextConnector.swift; sourceTree = "<group>"; };
		B59779532EB93B9B00712D85 /* PostsConnector.swift */ = {isa = PBXFileReference; lastKnownFileType = sourcecode.swift; path = PostsConnector.swift; sourceTree = "<group>"; };
		B59779542EB93B9B00712D85 /* RestrictedWordConnector.swift */ = {isa = PBXFileReference; lastKnownFileType = sourcecode.swift; path = RestrictedWordConnector.swift; sourceTree = "<group>"; };
		B59779562EB93B9B00712D85 /* CloudErrorCodes.swift */ = {isa = PBXFileReference; lastKnownFileType = sourcecode.swift; path = CloudErrorCodes.swift; sourceTree = "<group>"; };
		B59779572EB93B9B00712D85 /* SignInOutObserver.swift */ = {isa = PBXFileReference; lastKnownFileType = sourcecode.swift; path = SignInOutObserver.swift; sourceTree = "<group>"; };
		B59779592EB93B9B00712D85 /* ActivityLogEntry.swift */ = {isa = PBXFileReference; lastKnownFileType = sourcecode.swift; path = ActivityLogEntry.swift; sourceTree = "<group>"; };
		B597795A2EB93B9B00712D85 /* Announcement.swift */ = {isa = PBXFileReference; lastKnownFileType = sourcecode.swift; path = Announcement.swift; sourceTree = "<group>"; };
		B597795B2EB93B9B00712D85 /* Contact.swift */ = {isa = PBXFileReference; lastKnownFileType = sourcecode.swift; path = Contact.swift; sourceTree = "<group>"; };
		B597795C2EB93B9B00712D85 /* HelpText.swift */ = {isa = PBXFileReference; lastKnownFileType = sourcecode.swift; path = HelpText.swift; sourceTree = "<group>"; };
		B597795D2EB93B9B00712D85 /* Posts.swift */ = {isa = PBXFileReference; lastKnownFileType = sourcecode.swift; path = Posts.swift; sourceTree = "<group>"; };
		B597795E2EB93B9B00712D85 /* User.swift */ = {isa = PBXFileReference; lastKnownFileType = sourcecode.swift; path = User.swift; sourceTree = "<group>"; };
		B59779602EB93B9B00712D85 /* Listable.swift */ = {isa = PBXFileReference; lastKnownFileType = sourcecode.swift; path = Listable.swift; sourceTree = "<group>"; };
		B59779612EB93B9B00712D85 /* Loadable.swift */ = {isa = PBXFileReference; lastKnownFileType = sourcecode.swift; path = Loadable.swift; sourceTree = "<group>"; };
		B59779632EB93B9B00712D85 /* AnnouncementStore.swift */ = {isa = PBXFileReference; lastKnownFileType = sourcecode.swift; path = AnnouncementStore.swift; sourceTree = "<group>"; };
		B59779642EB93B9B00712D85 /* HelpTextStore.swift */ = {isa = PBXFileReference; lastKnownFileType = sourcecode.swift; path = HelpTextStore.swift; sourceTree = "<group>"; };
		B59779652EB93B9B00712D85 /* ModelContainerManager.swift */ = {isa = PBXFileReference; lastKnownFileType = sourcecode.swift; path = ModelContainerManager.swift; sourceTree = "<group>"; };
		B59779662EB93B9B00712D85 /* PostStores.swift */ = {isa = PBXFileReference; lastKnownFileType = sourcecode.swift; path = PostStores.swift; sourceTree = "<group>"; };
		B59779672EB93B9B00712D85 /* RestrictedWordStore.swift */ = {isa = PBXFileReference; lastKnownFileType = sourcecode.swift; path = RestrictedWordStore.swift; sourceTree = "<group>"; };
		B597796A2EB93B9B00712D85 /* ListableStore.swift */ = {isa = PBXFileReference; lastKnownFileType = sourcecode.swift; path = ListableStore.swift; sourceTree = "<group>"; };
		B597796B2EB93B9B00712D85 /* ModelContainerConfig.swift */ = {isa = PBXFileReference; lastKnownFileType = sourcecode.swift; path = ModelContainerConfig.swift; sourceTree = "<group>"; };
		B597796D2EB93B9B00712D85 /* DebugLogging.swift */ = {isa = PBXFileReference; lastKnownFileType = sourcecode.swift; path = DebugLogging.swift; sourceTree = "<group>"; };
		B597796E2EB93B9B00712D85 /* DeviceStamping.swift */ = {isa = PBXFileReference; lastKnownFileType = sourcecode.swift; path = DeviceStamping.swift; sourceTree = "<group>"; };
		B59779702EB93B9B00712D85 /* UserAccountViewModel.swift */ = {isa = PBXFileReference; lastKnownFileType = sourcecode.swift; path = UserAccountViewModel.swift; sourceTree = "<group>"; };
		B59779712EB93B9B00712D85 /* UserPostViewModel.swift */ = {isa = PBXFileReference; lastKnownFileType = sourcecode.swift; path = UserPostViewModel.swift; sourceTree = "<group>"; };
		B59779732EB93B9B00712D85 /* ContactDetailView.swift */ = {isa = PBXFileReference; lastKnownFileType = sourcecode.swift; path = ContactDetailView.swift; sourceTree = "<group>"; };
		B59779742EB93B9B00712D85 /* ContactListView.swift */ = {isa = PBXFileReference; lastKnownFileType = sourcecode.swift; path = ContactListView.swift; sourceTree = "<group>"; };
		B59779762EB93B9B00712D85 /* HomeView.swift */ = {isa = PBXFileReference; lastKnownFileType = sourcecode.swift; path = HomeView.swift; sourceTree = "<group>"; };
		B59779772EB93B9B00712D85 /* MainMenuView.swift */ = {isa = PBXFileReference; lastKnownFileType = sourcecode.swift; path = MainMenuView.swift; sourceTree = "<group>"; };
		B59779792EB93B9B00712D85 /* CommentsMainView.swift */ = {isa = PBXFileReference; lastKnownFileType = sourcecode.swift; path = CommentsMainView.swift; sourceTree = "<group>"; };
		B597797A2EB93B9B00712D85 /* PostBubbleView.swift */ = {isa = PBXFileReference; lastKnownFileType = sourcecode.swift; path = PostBubbleView.swift; sourceTree = "<group>"; };
		B597797B2EB93B9B00712D85 /* PostsScrollView.swift */ = {isa = PBXFileReference; lastKnownFileType = sourcecode.swift; path = PostsScrollView.swift; sourceTree = "<group>"; };
		B597797C2EB93B9B00712D85 /* UserPostsStackView.swift */ = {isa = PBXFileReference; lastKnownFileType = sourcecode.swift; path = UserPostsStackView.swift; sourceTree = "<group>"; };
		B597797F2EB93B9B00712D85 /* ActivityLogView.swift */ = {isa = PBXFileReference; lastKnownFileType = sourcecode.swift; path = ActivityLogView.swift; sourceTree = "<group>"; };
		B59779802EB93B9B00712D85 /* OverlayView.swift */ = {isa = PBXFileReference; lastKnownFileType = sourcecode.swift; path = OverlayView.swift; sourceTree = "<group>"; };
		B59779812EB93B9B00712D85 /* SettingsView.swift */ = {isa = PBXFileReference; lastKnownFileType = sourcecode.swift; path = SettingsView.swift; sourceTree = "<group>"; };
		B59779822EB93B9B00712D85 /* StoreListView.swift */ = {isa = PBXFileReference; lastKnownFileType = sourcecode.swift; path = StoreListView.swift; sourceTree = "<group>"; };
		B59779832EB93B9B00712D85 /* SupportLinkView.swift */ = {isa = PBXFileReference; lastKnownFileType = sourcecode.swift; path = SupportLinkView.swift; sourceTree = "<group>"; };
		B59779842EB93B9B00712D85 /* SupportView.swift */ = {isa = PBXFileReference; lastKnownFileType = sourcecode.swift; path = SupportView.swift; sourceTree = "<group>"; };
		B59779852EB93B9B00712D85 /* VideoBackgroundView.swift */ = {isa = PBXFileReference; lastKnownFileType = sourcecode.swift; path = VideoBackgroundView.swift; sourceTree = "<group>"; };
		B59779862EB93B9B00712D85 /* VStackBox.swift */ = {isa = PBXFileReference; lastKnownFileType = sourcecode.swift; path = VStackBox.swift; sourceTree = "<group>"; };
		B59779882EB93B9B00712D85 /* ChangePasswordView.swift */ = {isa = PBXFileReference; lastKnownFileType = sourcecode.swift; path = ChangePasswordView.swift; sourceTree = "<group>"; };
		B59779892EB93B9B00712D85 /* CreateAccountView.swift */ = {isa = PBXFileReference; lastKnownFileType = sourcecode.swift; path = CreateAccountView.swift; sourceTree = "<group>"; };
		B597798A2EB93B9B00712D85 /* RequiresSignInView.swift */ = {isa = PBXFileReference; lastKnownFileType = sourcecode.swift; path = RequiresSignInView.swift; sourceTree = "<group>"; };
		B597798B2EB93B9B00712D85 /* SignUpInLinkView.swift */ = {isa = PBXFileReference; lastKnownFileType = sourcecode.swift; path = SignUpInLinkView.swift; sourceTree = "<group>"; };
		B597798C2EB93B9B00712D85 /* SignUpInOutView.swift */ = {isa = PBXFileReference; lastKnownFileType = sourcecode.swift; path = SignUpInOutView.swift; sourceTree = "<group>"; };
		B597798D2EB93B9B00712D85 /* UserAccountProfileView.swift */ = {isa = PBXFileReference; lastKnownFileType = sourcecode.swift; path = UserAccountProfileView.swift; sourceTree = "<group>"; };
		B597798E2EB93B9B00712D85 /* UserAccountView.swift */ = {isa = PBXFileReference; lastKnownFileType = sourcecode.swift; path = UserAccountView.swift; sourceTree = "<group>"; };
		B597798F2EB93B9B00712D85 /* UserAssociationView.swift */ = {isa = PBXFileReference; lastKnownFileType = sourcecode.swift; path = UserAssociationView.swift; sourceTree = "<group>"; };
		B59779902EB93B9B00712D85 /* UserDemographicsView.swift */ = {isa = PBXFileReference; lastKnownFileType = sourcecode.swift; path = UserDemographicsView.swift; sourceTree = "<group>"; };
		B59779932EB93B9B00712D85 /* CustomLabeledContentStyle.swift */ = {isa = PBXFileReference; lastKnownFileType = sourcecode.swift; path = CustomLabeledContentStyle.swift; sourceTree = "<group>"; };
		B59779942EB93B9B00712D85 /* ErrorAlertViewModifier.swift */ = {isa = PBXFileReference; lastKnownFileType = sourcecode.swift; path = ErrorAlertViewModifier.swift; sourceTree = "<group>"; };
		B59779952EB93B9B00712D85 /* NavigationItem.swift */ = {isa = PBXFileReference; lastKnownFileType = sourcecode.swift; path = NavigationItem.swift; sourceTree = "<group>"; };
		B59779962EB93B9B00712D85 /* ViewConfig.swift */ = {isa = PBXFileReference; lastKnownFileType = sourcecode.swift; path = ViewConfig.swift; sourceTree = "<group>"; };
		B59779982EB93B9B00712D85 /* Assets.xcassets */ = {isa = PBXFileReference; lastKnownFileType = folder.assetcatalog; path = Assets.xcassets; sourceTree = "<group>"; };
		B59779992EB93B9B00712D85 /* GoogleService-Info.plist */ = {isa = PBXFileReference; lastKnownFileType = text.plist.xml; path = "GoogleService-Info.plist"; sourceTree = "<group>"; };
		B597799A2EB93B9B00712D85 /* LaunchScreen.storyboard */ = {isa = PBXFileReference; lastKnownFileType = file.storyboard; path = LaunchScreen.storyboard; sourceTree = "<group>"; };
		B597799B2EB93B9B00712D85 /* LaunchView.swift */ = {isa = PBXFileReference; lastKnownFileType = sourcecode.swift; path = LaunchView.swift; sourceTree = "<group>"; };
		B597799C2EB93B9B00712D85 /* template_diff.zsh */ = {isa = PBXFileReference; lastKnownFileType = text; path = template_diff.zsh; sourceTree = "<group>"; };
		B597799D2EB93B9B00712D85 /* templateApp.swift */ = {isa = PBXFileReference; lastKnownFileType = sourcecode.swift; path = templateApp.swift; sourceTree = "<group>"; };
		B59779DE2EB98A9900712D85 /* MainTabView.swift */ = {isa = PBXFileReference; lastKnownFileType = sourcecode.swift; path = MainTabView.swift; sourceTree = "<group>"; };
		B59779E02EB98F5A00712D85 /* MainViewPreviewWrapper.swift */ = {isa = PBXFileReference; lastKnownFileType = sourcecode.swift; path = MainViewPreviewWrapper.swift; sourceTree = "<group>"; };
		B59779E22F515A0000712D85 /* CompleteAccountView.swift */ = {isa = PBXFileReference; lastKnownFileType = sourcecode.swift; path = CompleteAccountView.swift; sourceTree = "<group>"; };
		B59779E42F56789000712D85 /* PollingViewModifier.swift */ = {isa = PBXFileReference; lastKnownFileType = sourcecode.swift; path = PollingViewModifier.swift; sourceTree = "<group>"; };
		B59779E72F5B9A0000712D85 /* ViewHelpers.swift */ = {isa = PBXFileReference; lastKnownFileType = sourcecode.swift; path = ViewHelpers.swift; sourceTree = "<group>"; };
		B59779F02F5B8A0000712D85 /* VerifyEmailView.swift */ = {isa = PBXFileReference; lastKnownFileType = sourcecode.swift; path = VerifyEmailView.swift; sourceTree = "<group>"; };
		B59779F22F5B8A0000712D85 /* VerifyEmailLinkView.swift */ = {isa = PBXFileReference; lastKnownFileType = sourcecode.swift; path = VerifyEmailLinkView.swift; sourceTree = "<group>"; };
		B5977A012EB93B9B00712D85 /* MessagesMainView.swift */ = {isa = PBXFileReference; lastKnownFileType = sourcecode.swift; path = MessagesMainView.swift; sourceTree = "<group>"; };
		B5977A112EB93B9B00712D85 /* UsersConnector.swift */ = {isa = PBXFileReference; lastKnownFileType = sourcecode.swift; path = UsersConnector.swift; sourceTree = "<group>"; };
		B5977A202EB93B9B00712D85 /* MessagesViewModel.swift */ = {isa = PBXFileReference; lastKnownFileType = sourcecode.swift; path = MessagesViewModel.swift; sourceTree = "<group>"; };
		B5C0BD602E24187300641B69 /* LICENSE */ = {isa = PBXFileReference; lastKnownFileType = text; path = LICENSE; sourceTree = "<group>"; };
		B5C0BD612E24187300641B69 /* README.md */ = {isa = PBXFileReference; lastKnownFileType = net.daringfireball.markdown; path = README.md; sourceTree = "<group>"; };
		B5C0BD642E2418E200641B69 /* LICENSE-EXCEPTIONS.md */ = {isa = PBXFileReference; lastKnownFileType = net.daringfireball.markdown; path = "LICENSE-EXCEPTIONS.md"; sourceTree = "<group>"; };
		B5C0BE0A2E271C4900641B69 /* CONTRIBUTING.md */ = {isa = PBXFileReference; lastKnownFileType = net.daringfireball.markdown; path = CONTRIBUTING.md; sourceTree = "<group>"; };
		B5D0C78E2E2415FC00B31F19 /* template.app */ = {isa = PBXFileReference; explicitFileType = wrapper.application; includeInIndex = 0; path = template.app; sourceTree = BUILT_PRODUCTS_DIR; };
/* End PBXFileReference section */

/* Begin PBXFrameworksBuildPhase section */
		B5D0C78B2E2415FC00B31F19 /* Frameworks */ = {
			isa = PBXFrameworksBuildPhase;
			buildActionMask = 2147483647;
			files = (
				B5C0BDEF2E241F6F00641B69 /* FirebaseDatabase in Frameworks */,
				B5C0BDE92E241F6F00641B69 /* FirebaseAppCheck in Frameworks */,
				B5C0BDEB2E241F6F00641B69 /* FirebaseAuth in Frameworks */,
				B5A0A71C2F32A21A004D0593 /* DefaultConnector in Frameworks */,
				B5C0BDED2E241F6F00641B69 /* FirebaseCore in Frameworks */,
				B5C0BDE62E241F1000641B69 /* DefaultConnector in Frameworks */,
				B5C0BDF12E241F6F00641B69 /* FirebaseFirestore in Frameworks */,
			);
			runOnlyForDeploymentPostprocessing = 0;
		};
/* End PBXFrameworksBuildPhase section */

/* Begin PBXGroup section */
		B5362E372E2747FC00E120B7 /* docs */ = {
			isa = PBXGroup;
			children = (
				B5362E362E2747FC00E120B7 /* CONTRIBUTING-FFP.md */,
			);
			path = docs;
			sourceTree = "<group>";
		};
		B59779552EB93B9B00712D85 /* Cloud */ = {
			isa = PBXGroup;
			children = (
				B59779502EB93B9B00712D85 /* CurrentUserService.swift */,
				AED69FA84C52534776F58646 /* FeatureFlagConnector.swift */,
				B59779512EB93B9B00712D85 /* FirestoreConnector.swift */,
				B59779522EB93B9B00712D85 /* HelpTextConnector.swift */,
				B59779532EB93B9B00712D85 /* PostsConnector.swift */,
				B59779542EB93B9B00712D85 /* RestrictedWordConnector.swift */,
				B5977A112EB93B9B00712D85 /* UsersConnector.swift */,
			);
			path = Cloud;
			sourceTree = "<group>";
		};
		B59779582EB93B9B00712D85 /* CloudSupport */ = {
			isa = PBXGroup;
			children = (
				B59779562EB93B9B00712D85 /* CloudErrorCodes.swift */,
				B59779572EB93B9B00712D85 /* SignInOutObserver.swift */,
			);
			path = CloudSupport;
			sourceTree = "<group>";
		};
		B597795F2EB93B9B00712D85 /* Model */ = {
			isa = PBXGroup;
			children = (
				B59779592EB93B9B00712D85 /* ActivityLogEntry.swift */,
				B597795A2EB93B9B00712D85 /* Announcement.swift */,
				B597795B2EB93B9B00712D85 /* Contact.swift */,
				42FA9C49A6628BE1C69507A6 /* FeatureFlag.swift */,
				B597795C2EB93B9B00712D85 /* HelpText.swift */,
				B597795D2EB93B9B00712D85 /* Posts.swift */,
				B597795E2EB93B9B00712D85 /* User.swift */,
			);
			path = Model;
			sourceTree = "<group>";
		};
		B59779622EB93B9B00712D85 /* ModelSupport */ = {
			isa = PBXGroup;
			children = (
				B59779602EB93B9B00712D85 /* Listable.swift */,
				B59779612EB93B9B00712D85 /* Loadable.swift */,
			);
			path = ModelSupport;
			sourceTree = "<group>";
		};
		B59779692EB93B9B00712D85 /* Repositories */ = {
			isa = PBXGroup;
			children = (
				B59779632EB93B9B00712D85 /* AnnouncementStore.swift */,
				B59779642EB93B9B00712D85 /* HelpTextStore.swift */,
				B59779652EB93B9B00712D85 /* ModelContainerManager.swift */,
				B59779662EB93B9B00712D85 /* PostStores.swift */,
				B59779672EB93B9B00712D85 /* RestrictedWordStore.swift */,
				39D8F1587800BE55C2E9602F /* FeatureFlagStore.swift */,
			);
			path = Repositories;
			sourceTree = "<group>";
		};
		B597796C2EB93B9B00712D85 /* RepositorySupport */ = {
			isa = PBXGroup;
			children = (
				B597796A2EB93B9B00712D85 /* ListableStore.swift */,
				B597796B2EB93B9B00712D85 /* ModelContainerConfig.swift */,
			);
			path = RepositorySupport;
			sourceTree = "<group>";
		};
		B597796F2EB93B9B00712D85 /* Utilities */ = {
			isa = PBXGroup;
			children = (
				B597796D2EB93B9B00712D85 /* DebugLogging.swift */,
				B597796E2EB93B9B00712D85 /* DeviceStamping.swift */,
			);
			path = Utilities;
			sourceTree = "<group>";
		};
		B59779722EB93B9B00712D85 /* ViewModels */ = {
			isa = PBXGroup;
			children = (
				B5977A202EB93B9B00712D85 /* MessagesViewModel.swift */,
				B59779702EB93B9B00712D85 /* UserAccountViewModel.swift */,
				B59779712EB93B9B00712D85 /* UserPostViewModel.swift */,
			);
			path = ViewModels;
			sourceTree = "<group>";
		};
		B59779752EB93B9B00712D85 /* Contact */ = {
			isa = PBXGroup;
			children = (
				B59779732EB93B9B00712D85 /* ContactDetailView.swift */,
				B59779742EB93B9B00712D85 /* ContactListView.swift */,
			);
			path = Contact;
			sourceTree = "<group>";
		};
		B59779782EB93B9B00712D85 /* Main */ = {
			isa = PBXGroup;
			children = (
				B59779762EB93B9B00712D85 /* HomeView.swift */,
				B59779772EB93B9B00712D85 /* MainMenuView.swift */,
				B59779DE2EB98A9900712D85 /* MainTabView.swift */,
				B59779E02EB98F5A00712D85 /* MainViewPreviewWrapper.swift */,
			);
			path = Main;
			sourceTree = "<group>";
		};
		B597797E2EB93B9B00712D85 /* Posts */ = {
			isa = PBXGroup;
			children = (
				B59779792EB93B9B00712D85 /* CommentsMainView.swift */,
				B5977A012EB93B9B00712D85 /* MessagesMainView.swift */,
				B597797A2EB93B9B00712D85 /* PostBubbleView.swift */,
				B597797B2EB93B9B00712D85 /* PostsScrollView.swift */,
				B597797C2EB93B9B00712D85 /* UserPostsStackView.swift */,
			);
			path = Posts;
			sourceTree = "<group>";
		};
		B59779872EB93B9B00712D85 /* System */ = {
			isa = PBXGroup;
			children = (
				B597797F2EB93B9B00712D85 /* ActivityLogView.swift */,
				B59779802EB93B9B00712D85 /* OverlayView.swift */,
				B59779812EB93B9B00712D85 /* SettingsView.swift */,
				B59779822EB93B9B00712D85 /* StoreListView.swift */,
				B59779832EB93B9B00712D85 /* SupportLinkView.swift */,
				B59779842EB93B9B00712D85 /* SupportView.swift */,
				B59779852EB93B9B00712D85 /* VideoBackgroundView.swift */,
				B59779862EB93B9B00712D85 /* VStackBox.swift */,
			);
			path = System;
			sourceTree = "<group>";
		};
		B59779912EB93B9B00712D85 /* UserAccount */ = {
			isa = PBXGroup;
			children = (
				B59779882EB93B9B00712D85 /* ChangePasswordView.swift */,
				B59779E22F515A0000712D85 /* CompleteAccountView.swift */,
				B59779892EB93B9B00712D85 /* CreateAccountView.swift */,
				B597798A2EB93B9B00712D85 /* RequiresSignInView.swift */,
				B597798B2EB93B9B00712D85 /* SignUpInLinkView.swift */,
				B597798C2EB93B9B00712D85 /* SignUpInOutView.swift */,
				B597798D2EB93B9B00712D85 /* UserAccountProfileView.swift */,
				B597798E2EB93B9B00712D85 /* UserAccountView.swift */,
				B597798F2EB93B9B00712D85 /* UserAssociationView.swift */,
				B59779902EB93B9B00712D85 /* UserDemographicsView.swift */,
				B59779F22F5B8A0000712D85 /* VerifyEmailLinkView.swift */,
				B59779F02F5B8A0000712D85 /* VerifyEmailView.swift */,
			);
			path = UserAccount;
			sourceTree = "<group>";
		};
		B59779922EB93B9B00712D85 /* Views */ = {
			isa = PBXGroup;
			children = (
				B59779752EB93B9B00712D85 /* Contact */,
				B59779782EB93B9B00712D85 /* Main */,
				B597797E2EB93B9B00712D85 /* Posts */,
				B59779872EB93B9B00712D85 /* System */,
				B59779912EB93B9B00712D85 /* UserAccount */,
			);
			path = Views;
			sourceTree = "<group>";
		};
		B59779972EB93B9B00712D85 /* ViewSupport */ = {
			isa = PBXGroup;
			children = (
				B59779932EB93B9B00712D85 /* CustomLabeledContentStyle.swift */,
				B59779942EB93B9B00712D85 /* ErrorAlertViewModifier.swift */,
				B59779E42F56789000712D85 /* PollingViewModifier.swift */,
				B59779952EB93B9B00712D85 /* NavigationItem.swift */,
				B59779962EB93B9B00712D85 /* ViewConfig.swift */,
				B59779E72F5B9A0000712D85 /* ViewHelpers.swift */,
			);
			path = ViewSupport;
			sourceTree = "<group>";
		};
		B597799E2EB93B9B00712D85 /* template */ = {
			isa = PBXGroup;
			children = (
				B59779552EB93B9B00712D85 /* Cloud */,
				B59779582EB93B9B00712D85 /* CloudSupport */,
				B597795F2EB93B9B00712D85 /* Model */,
				B59779622EB93B9B00712D85 /* ModelSupport */,
				B59779692EB93B9B00712D85 /* Repositories */,
				B597796C2EB93B9B00712D85 /* RepositorySupport */,
				B597796F2EB93B9B00712D85 /* Utilities */,
				B59779722EB93B9B00712D85 /* ViewModels */,
				B59779922EB93B9B00712D85 /* Views */,
				B59779972EB93B9B00712D85 /* ViewSupport */,
				B59779982EB93B9B00712D85 /* Assets.xcassets */,
				B59779992EB93B9B00712D85 /* GoogleService-Info.plist */,
				B597799A2EB93B9B00712D85 /* LaunchScreen.storyboard */,
				B597799B2EB93B9B00712D85 /* LaunchView.swift */,
				B597799C2EB93B9B00712D85 /* template_diff.zsh */,
				B597799D2EB93B9B00712D85 /* templateApp.swift */,
			);
			path = template;
			sourceTree = "<group>";
		};
		B5D0C7852E2415FC00B31F19 = {
			isa = PBXGroup;
			children = (
				B529E22B2F45469900F8CE76 /* AGENTS.md */,
				B5C0BE0A2E271C4900641B69 /* CONTRIBUTING.md */,
				B5C0BD602E24187300641B69 /* LICENSE */,
				B5C0BD642E2418E200641B69 /* LICENSE-EXCEPTIONS.md */,
				B5C0BD612E24187300641B69 /* README.md */,
				B597799E2EB93B9B00712D85 /* template */,
				B5362E372E2747FC00E120B7 /* docs */,
				B5D0C78F2E2415FC00B31F19 /* Products */,
			);
			sourceTree = "<group>";
		};
		B5D0C78F2E2415FC00B31F19 /* Products */ = {
			isa = PBXGroup;
			children = (
				B5D0C78E2E2415FC00B31F19 /* template.app */,
			);
			name = Products;
			sourceTree = "<group>";
		};
/* End PBXGroup section */

/* Begin PBXNativeTarget section */
		B5D0C78D2E2415FC00B31F19 /* template */ = {
			isa = PBXNativeTarget;
			buildConfigurationList = B5D0C79B2E2415FD00B31F19 /* Build configuration list for PBXNativeTarget "template" */;
			buildPhases = (
				B5D0C78A2E2415FC00B31F19 /* Sources */,
				B5D0C78B2E2415FC00B31F19 /* Frameworks */,
				B5D0C78C2E2415FC00B31F19 /* Resources */,
			);
			buildRules = (
			);
			dependencies = (
			);
			name = template;
			packageProductDependencies = (
				B5C0BDE52E241F1000641B69 /* DefaultConnector */,
				B5C0BDE82E241F6F00641B69 /* FirebaseAppCheck */,
				B5C0BDEA2E241F6F00641B69 /* FirebaseAuth */,
				B5C0BDEC2E241F6F00641B69 /* FirebaseCore */,
				B5C0BDEE2E241F6F00641B69 /* FirebaseDatabase */,
				B5C0BDF02E241F6F00641B69 /* FirebaseFirestore */,
				B5A0A71B2F32A21A004D0593 /* DefaultConnector */,
			);
			productName = template;
			productReference = B5D0C78E2E2415FC00B31F19 /* template.app */;
			productType = "com.apple.product-type.application";
		};
/* End PBXNativeTarget section */

/* Begin PBXProject section */
		B5D0C7862E2415FC00B31F19 /* Project object */ = {
			isa = PBXProject;
			attributes = {
				BuildIndependentTargetsInParallel = 1;
				LastSwiftUpdateCheck = 1640;
				LastUpgradeCheck = 2600;
				TargetAttributes = {
					B5D0C78D2E2415FC00B31F19 = {
						CreatedOnToolsVersion = 16.4;
					};
				};
			};
			buildConfigurationList = B5D0C7892E2415FC00B31F19 /* Build configuration list for PBXProject "template" */;
			developmentRegion = en;
			hasScannedForEncodings = 0;
			knownRegions = (
				en,
				Base,
			);
			mainGroup = B5D0C7852E2415FC00B31F19;
			minimizedProjectReferenceProxies = 1;
			packageReferences = (
				B5C0BDE72E241F6F00641B69 /* XCRemoteSwiftPackageReference "firebase-ios-sdk" */,
				B5A0A71A2F32A21A004D0593 /* XCLocalSwiftPackageReference "../dataconnect-generated/swift/DefaultConnector" */,
			);
			preferredProjectObjectVersion = 77;
			productRefGroup = B5D0C78F2E2415FC00B31F19 /* Products */;
			projectDirPath = "";
			projectRoot = "";
			targets = (
				B5D0C78D2E2415FC00B31F19 /* template */,
			);
		};
/* End PBXProject section */

/* Begin PBXResourcesBuildPhase section */
		B5D0C78C2E2415FC00B31F19 /* Resources */ = {
			isa = PBXResourcesBuildPhase;
			buildActionMask = 2147483647;
			files = (
				B5C0BD622E24187300641B69 /* LICENSE in Resources */,
				B5C0BD632E24187300641B69 /* README.md in Resources */,
				B5C0BE0B2E271C4900641B69 /* CONTRIBUTING.md in Resources */,
				B5362E382E2747FC00E120B7 /* CONTRIBUTING-FFP.md in Resources */,
				B59779DA2EB93B9B00712D85 /* Assets.xcassets in Resources */,
				B59779DB2EB93B9B00712D85 /* GoogleService-Info.plist in Resources */,
				B59779DC2EB93B9B00712D85 /* LaunchScreen.storyboard in Resources */,
				B59779DD2EB93B9B00712D85 /* template_diff.zsh in Resources */,
				B529E22C2F45469900F8CE76 /* AGENTS.md in Resources */,
				B5C0BD652E2418F100641B69 /* LICENSE-EXCEPTIONS.md in Resources */,
			);
			runOnlyForDeploymentPostprocessing = 0;
		};
/* End PBXResourcesBuildPhase section */

/* Begin PBXSourcesBuildPhase section */
		B5D0C78A2E2415FC00B31F19 /* Sources */ = {
			isa = PBXSourcesBuildPhase;
			buildActionMask = 2147483647;
			files = (
				B597799F2EB93B9B00712D85 /* CurrentUserService.swift in Sources */,
				B59779A02EB93B9B00712D85 /* FirestoreConnector.swift in Sources */,
				B59779A12EB93B9B00712D85 /* HelpTextConnector.swift in Sources */,
				B59779A22EB93B9B00712D85 /* PostsConnector.swift in Sources */,
				B5977A102EB93B9B00712D85 /* UsersConnector.swift in Sources */,
				B59779A32EB93B9B00712D85 /* RestrictedWordConnector.swift in Sources */,
				B59779A42EB93B9B00712D85 /* CloudErrorCodes.swift in Sources */,
				B59779A52EB93B9B00712D85 /* SignInOutObserver.swift in Sources */,
				B59779E12EB98F5A00712D85 /* MainViewPreviewWrapper.swift in Sources */,
				B59779A62EB93B9B00712D85 /* ActivityLogEntry.swift in Sources */,
				B59779A72EB93B9B00712D85 /* Announcement.swift in Sources */,
				B59779A82EB93B9B00712D85 /* Contact.swift in Sources */,
				B59779A92EB93B9B00712D85 /* HelpText.swift in Sources */,
				B59779AA2EB93B9B00712D85 /* Posts.swift in Sources */,
				B59779AB2EB93B9B00712D85 /* User.swift in Sources */,
				B59779AC2EB93B9B00712D85 /* Listable.swift in Sources */,
				B59779AD2EB93B9B00712D85 /* Loadable.swift in Sources */,
				B59779AE2EB93B9B00712D85 /* AnnouncementStore.swift in Sources */,
				B59779AF2EB93B9B00712D85 /* HelpTextStore.swift in Sources */,
				B59779B02EB93B9B00712D85 /* ModelContainerManager.swift in Sources */,
				B59779B12EB93B9B00712D85 /* PostStores.swift in Sources */,
				B59779B22EB93B9B00712D85 /* RestrictedWordStore.swift in Sources */,
				B59779B42EB93B9B00712D85 /* ListableStore.swift in Sources */,
				B59779B52EB93B9B00712D85 /* ModelContainerConfig.swift in Sources */,
				B59779B62EB93B9B00712D85 /* DebugLogging.swift in Sources */,
				B59779B72EB93B9B00712D85 /* DeviceStamping.swift in Sources */,
				B59779B82EB93B9B00712D85 /* UserAccountViewModel.swift in Sources */,
				B59779B92EB93B9B00712D85 /* UserPostViewModel.swift in Sources */,
				B5977A212EB93B9B00712D85 /* MessagesViewModel.swift in Sources */,
				B59779BA2EB93B9B00712D85 /* ContactDetailView.swift in Sources */,
				B59779BB2EB93B9B00712D85 /* ContactListView.swift in Sources */,
				B59779BC2EB93B9B00712D85 /* HomeView.swift in Sources */,
				B59779BD2EB93B9B00712D85 /* MainMenuView.swift in Sources */,
				B59779BE2EB93B9B00712D85 /* CommentsMainView.swift in Sources */,
				B5977A002EB93B9B00712D85 /* MessagesMainView.swift in Sources */,
				B59779BF2EB93B9B00712D85 /* PostBubbleView.swift in Sources */,
				B59779C02EB93B9B00712D85 /* PostsScrollView.swift in Sources */,
				B59779C12EB93B9B00712D85 /* UserPostsStackView.swift in Sources */,
				B59779C32EB93B9B00712D85 /* ActivityLogView.swift in Sources */,
				B59779C42EB93B9B00712D85 /* OverlayView.swift in Sources */,
				B59779C52EB93B9B00712D85 /* SettingsView.swift in Sources */,
				B59779C62EB93B9B00712D85 /* StoreListView.swift in Sources */,
				B59779C72EB93B9B00712D85 /* SupportLinkView.swift in Sources */,
				B59779C82EB93B9B00712D85 /* SupportView.swift in Sources */,
				B59779C92EB93B9B00712D85 /* VideoBackgroundView.swift in Sources */,
				B59779CA2EB93B9B00712D85 /* VStackBox.swift in Sources */,
				B59779CB2EB93B9B00712D85 /* ChangePasswordView.swift in Sources */,
				B59779CC2EB93B9B00712D85 /* CreateAccountView.swift in Sources */,
				B59779CD2EB93B9B00712D85 /* RequiresSignInView.swift in Sources */,
				B59779CE2EB93B9B00712D85 /* SignUpInLinkView.swift in Sources */,
				B59779CF2EB93B9B00712D85 /* SignUpInOutView.swift in Sources */,
				B59779E32F515A0000712D85 /* CompleteAccountView.swift in Sources */,
				B59779D02EB93B9B00712D85 /* UserAccountProfileView.swift in Sources */,
				B59779D12EB93B9B00712D85 /* UserAccountView.swift in Sources */,
				B59779F32F5B8A0000712D85 /* VerifyEmailLinkView.swift in Sources */,
				B59779F12F5B8A0000712D85 /* VerifyEmailView.swift in Sources */,
				B59779D22EB93B9B00712D85 /* UserAssociationView.swift in Sources */,
				B59779D32EB93B9B00712D85 /* UserDemographicsView.swift in Sources */,
				B59779D42EB93B9B00712D85 /* CustomLabeledContentStyle.swift in Sources */,
				B59779D52EB93B9B00712D85 /* ErrorAlertViewModifier.swift in Sources */,
				B59779E52F56789000712D85 /* PollingViewModifier.swift in Sources */,
				B59779D62EB93B9B00712D85 /* NavigationItem.swift in Sources */,
				B59779D72EB93B9B00712D85 /* ViewConfig.swift in Sources */,
				B59779E62F5B9A0000712D85 /* ViewHelpers.swift in Sources */,
				B59779D82EB93B9B00712D85 /* LaunchView.swift in Sources */,
				B59779D92EB93B9B00712D85 /* templateApp.swift in Sources */,
				B59779DF2EB98A9900712D85 /* MainTabView.swift in Sources */,
				E2C08A0171F0454275179C9A /* FeatureFlag.swift in Sources */,
				7A28D6E5F7F717A08356BAB9 /* FeatureFlagConnector.swift in Sources */,
				77D38C1091328C6E3F5EB637 /* FeatureFlagStore.swift in Sources */,
			);
			runOnlyForDeploymentPostprocessing = 0;
		};
/* End PBXSourcesBuildPhase section */

/* Begin XCBuildConfiguration section */
		B5D0C7992E2415FD00B31F19 /* Debug */ = {
			isa = XCBuildConfiguration;
			buildSettings = {
				ALWAYS_SEARCH_USER_PATHS = NO;
				ASSETCATALOG_COMPILER_GENERATE_SWIFT_ASSET_SYMBOL_EXTENSIONS = YES;
				CLANG_ANALYZER_NONNULL = YES;
				CLANG_ANALYZER_NUMBER_OBJECT_CONVERSION = YES_AGGRESSIVE;
				CLANG_CXX_LANGUAGE_STANDARD = "gnu++20";
				CLANG_ENABLE_MODULES = YES;
				CLANG_ENABLE_OBJC_ARC = YES;
				CLANG_ENABLE_OBJC_WEAK = YES;
				CLANG_WARN_BLOCK_CAPTURE_AUTORELEASING = YES;
				CLANG_WARN_BOOL_CONVERSION = YES;
				CLANG_WARN_COMMA = YES;
				CLANG_WARN_CONSTANT_CONVERSION = YES;
				CLANG_WARN_DEPRECATED_OBJC_IMPLEMENTATIONS = YES;
				CLANG_WARN_DIRECT_OBJC_ISA_USAGE = YES_ERROR;
				CLANG_WARN_DOCUMENTATION_COMMENTS = YES;
				CLANG_WARN_EMPTY_BODY = YES;
				CLANG_WARN_ENUM_CONVERSION = YES;
				CLANG_WARN_INFINITE_RECURSION = YES;
				CLANG_WARN_INT_CONVERSION = YES;
				CLANG_WARN_NON_LITERAL_NULL_CONVERSION = YES;
				CLANG_WARN_OBJC_IMPLICIT_RETAIN_SELF = YES;
				CLANG_WARN_OBJC_LITERAL_CONVERSION = YES;
				CLANG_WARN_OBJC_ROOT_CLASS = YES_ERROR;
				CLANG_WARN_QUOTED_INCLUDE_IN_FRAMEWORK_HEADER = YES;
				CLANG_WARN_RANGE_LOOP_ANALYSIS = YES;
				CLANG_WARN_STRICT_PROTOTYPES = YES;
				CLANG_WARN_SUSPICIOUS_MOVE = YES;
				CLANG_WARN_UNGUARDED_AVAILABILITY = YES_AGGRESSIVE;
				CLANG_WARN_UNREACHABLE_CODE = YES;
				CLANG_WARN__DUPLICATE_METHOD_MATCH = YES;
				COPY_PHASE_STRIP = NO;
				DEBUG_INFORMATION_FORMAT = dwarf;
				DEVELOPMENT_TEAM = 9NMRZ5DQQ6;
				ENABLE_STRICT_OBJC_MSGSEND = YES;
				ENABLE_TESTABILITY = YES;
				ENABLE_USER_SCRIPT_SANDBOXING = YES;
				GCC_C_LANGUAGE_STANDARD = gnu17;
				GCC_DYNAMIC_NO_PIC = NO;
				GCC_NO_COMMON_BLOCKS = YES;
				GCC_OPTIMIZATION_LEVEL = 0;
				GCC_PREPROCESSOR_DEFINITIONS = (
					"DEBUG=1",
					"$(inherited)",
				);
				GCC_WARN_64_TO_32_BIT_CONVERSION = YES;
				GCC_WARN_ABOUT_RETURN_TYPE = YES_ERROR;
				GCC_WARN_UNDECLARED_SELECTOR = YES;
				GCC_WARN_UNINITIALIZED_AUTOS = YES_AGGRESSIVE;
				GCC_WARN_UNUSED_FUNCTION = YES;
				GCC_WARN_UNUSED_VARIABLE = YES;
				IPHONEOS_DEPLOYMENT_TARGET = 18.5;
				LOCALIZATION_PREFERS_STRING_CATALOGS = YES;
				MTL_ENABLE_DEBUG_INFO = INCLUDE_SOURCE;
				MTL_FAST_MATH = YES;
				ONLY_ACTIVE_ARCH = YES;
				SDKROOT = iphoneos;
				STRING_CATALOG_GENERATE_SYMBOLS = YES;
				SWIFT_ACTIVE_COMPILATION_CONDITIONS = "DEBUG $(inherited)";
				SWIFT_OPTIMIZATION_LEVEL = "-Onone";
			};
			name = Debug;
		};
		B5D0C79A2E2415FD00B31F19 /* Release */ = {
			isa = XCBuildConfiguration;
			buildSettings = {
				ALWAYS_SEARCH_USER_PATHS = NO;
				ASSETCATALOG_COMPILER_GENERATE_SWIFT_ASSET_SYMBOL_EXTENSIONS = YES;
				CLANG_ANALYZER_NONNULL = YES;
				CLANG_ANALYZER_NUMBER_OBJECT_CONVERSION = YES_AGGRESSIVE;
				CLANG_CXX_LANGUAGE_STANDARD = "gnu++20";
				CLANG_ENABLE_MODULES = YES;
				CLANG_ENABLE_OBJC_ARC = YES;
				CLANG_ENABLE_OBJC_WEAK = YES;
				CLANG_WARN_BLOCK_CAPTURE_AUTORELEASING = YES;
				CLANG_WARN_BOOL_CONVERSION = YES;
				CLANG_WARN_COMMA = YES;
				CLANG_WARN_CONSTANT_CONVERSION = YES;
				CLANG_WARN_DEPRECATED_OBJC_IMPLEMENTATIONS = YES;
				CLANG_WARN_DIRECT_OBJC_ISA_USAGE = YES_ERROR;
				CLANG_WARN_DOCUMENTATION_COMMENTS = YES;
				CLANG_WARN_EMPTY_BODY = YES;
				CLANG_WARN_ENUM_CONVERSION = YES;
				CLANG_WARN_INFINITE_RECURSION = YES;
				CLANG_WARN_INT_CONVERSION = YES;
				CLANG_WARN_NON_LITERAL_NULL_CONVERSION = YES;
				CLANG_WARN_OBJC_IMPLICIT_RETAIN_SELF = YES;
				CLANG_WARN_OBJC_LITERAL_CONVERSION = YES;
				CLANG_WARN_OBJC_ROOT_CLASS = YES_ERROR;
				CLANG_WARN_QUOTED_INCLUDE_IN_FRAMEWORK_HEADER = YES;
				CLANG_WARN_RANGE_LOOP_ANALYSIS = YES;
				CLANG_WARN_STRICT_PROTOTYPES = YES;
				CLANG_WARN_SUSPICIOUS_MOVE = YES;
				CLANG_WARN_UNGUARDED_AVAILABILITY = YES_AGGRESSIVE;
				CLANG_WARN_UNREACHABLE_CODE = YES;
				CLANG_WARN__DUPLICATE_METHOD_MATCH = YES;
				COPY_PHASE_STRIP = NO;
				DEBUG_INFORMATION_FORMAT = "dwarf-with-dsym";
				DEVELOPMENT_TEAM = 9NMRZ5DQQ6;
				ENABLE_NS_ASSERTIONS = NO;
				ENABLE_STRICT_OBJC_MSGSEND = YES;
				ENABLE_USER_SCRIPT_SANDBOXING = YES;
				GCC_C_LANGUAGE_STANDARD = gnu17;
				GCC_NO_COMMON_BLOCKS = YES;
				GCC_WARN_64_TO_32_BIT_CONVERSION = YES;
				GCC_WARN_ABOUT_RETURN_TYPE = YES_ERROR;
				GCC_WARN_UNDECLARED_SELECTOR = YES;
				GCC_WARN_UNINITIALIZED_AUTOS = YES_AGGRESSIVE;
				GCC_WARN_UNUSED_FUNCTION = YES;
				GCC_WARN_UNUSED_VARIABLE = YES;
				IPHONEOS_DEPLOYMENT_TARGET = 18.5;
				LOCALIZATION_PREFERS_STRING_CATALOGS = YES;
				MTL_ENABLE_DEBUG_INFO = NO;
				MTL_FAST_MATH = YES;
				SDKROOT = iphoneos;
				STRING_CATALOG_GENERATE_SYMBOLS = YES;
				SWIFT_COMPILATION_MODE = wholemodule;
				VALIDATE_PRODUCT = YES;
			};
			name = Release;
		};
		B5D0C79C2E2415FD00B31F19 /* Debug */ = {
			isa = XCBuildConfiguration;
			buildSettings = {
				ASSETCATALOG_COMPILER_APPICON_NAME = AppIcon;
				ASSETCATALOG_COMPILER_GLOBAL_ACCENT_COLOR_NAME = AccentColor;
				CODE_SIGN_STYLE = Automatic;
				CURRENT_PROJECT_VERSION = 1;
				DEVELOPMENT_TEAM = 9NMRZ5DQQ6;
				ENABLE_PREVIEWS = YES;
				GENERATE_INFOPLIST_FILE = YES;
				INFOPLIST_FILE = "";
				INFOPLIST_KEY_CFBundleDisplayName = Contacts;
				INFOPLIST_KEY_ITSAppUsesNonExemptEncryption = NO;
				INFOPLIST_KEY_LSApplicationCategoryType = "public.app-category.utilities";
				INFOPLIST_KEY_UIApplicationSceneManifest_Generation = YES;
				INFOPLIST_KEY_UIApplicationSupportsIndirectInputEvents = YES;
				INFOPLIST_KEY_UILaunchScreen_Generation = YES;
				INFOPLIST_KEY_UISupportedInterfaceOrientations_iPad = "UIInterfaceOrientationPortrait UIInterfaceOrientationPortraitUpsideDown UIInterfaceOrientationLandscapeLeft UIInterfaceOrientationLandscapeRight";
				INFOPLIST_KEY_UISupportedInterfaceOrientations_iPhone = "UIInterfaceOrientationPortrait UIInterfaceOrientationLandscapeLeft UIInterfaceOrientationLandscapeRight";
				IPHONEOS_DEPLOYMENT_TARGET = 18.0;
				LD_RUNPATH_SEARCH_PATHS = (
					"$(inherited)",
					"@executable_path/Frameworks",
				);
				MARKETING_VERSION = 0.2.4;
				PRODUCT_BUNDLE_IDENTIFIER = llc.fastfiveproducts.template;
				PRODUCT_NAME = "$(TARGET_NAME)";
				SWIFT_EMIT_LOC_STRINGS = YES;
				SWIFT_VERSION = 5.0;
				TARGETED_DEVICE_FAMILY = "1,2";
			};
			name = Debug;
		};
		B5D0C79D2E2415FD00B31F19 /* Release */ = {
			isa = XCBuildConfiguration;
			buildSettings = {
				ASSETCATALOG_COMPILER_APPICON_NAME = AppIcon;
				ASSETCATALOG_COMPILER_GLOBAL_ACCENT_COLOR_NAME = AccentColor;
				CODE_SIGN_STYLE = Automatic;
				CURRENT_PROJECT_VERSION = 1;
				DEVELOPMENT_TEAM = 9NMRZ5DQQ6;
				ENABLE_PREVIEWS = YES;
				GENERATE_INFOPLIST_FILE = YES;
				INFOPLIST_FILE = "";
				INFOPLIST_KEY_CFBundleDisplayName = Contacts;
				INFOPLIST_KEY_ITSAppUsesNonExemptEncryption = NO;
				INFOPLIST_KEY_LSApplicationCategoryType = "public.app-category.utilities";
				INFOPLIST_KEY_UIApplicationSceneManifest_Generation = YES;
				INFOPLIST_KEY_UIApplicationSupportsIndirectInputEvents = YES;
				INFOPLIST_KEY_UILaunchScreen_Generation = YES;
				INFOPLIST_KEY_UISupportedInterfaceOrientations_iPad = "UIInterfaceOrientationPortrait UIInterfaceOrientationPortraitUpsideDown UIInterfaceOrientationLandscapeLeft UIInterfaceOrientationLandscapeRight";
				INFOPLIST_KEY_UISupportedInterfaceOrientations_iPhone = "UIInterfaceOrientationPortrait UIInterfaceOrientationLandscapeLeft UIInterfaceOrientationLandscapeRight";
				IPHONEOS_DEPLOYMENT_TARGET = 18.0;
				LD_RUNPATH_SEARCH_PATHS = (
					"$(inherited)",
					"@executable_path/Frameworks",
				);
				MARKETING_VERSION = 0.2.4;
				PRODUCT_BUNDLE_IDENTIFIER = llc.fastfiveproducts.template;
				PRODUCT_NAME = "$(TARGET_NAME)";
				SWIFT_EMIT_LOC_STRINGS = YES;
				SWIFT_VERSION = 5.0;
				TARGETED_DEVICE_FAMILY = "1,2";
			};
			name = Release;
		};
/* End XCBuildConfiguration section */

/* Begin XCConfigurationList section */
		B5D0C7892E2415FC00B31F19 /* Build configuration list for PBXProject "template" */ = {
			isa = XCConfigurationList;
			buildConfigurations = (
				B5D0C7992E2415FD00B31F19 /* Debug */,
				B5D0C79A2E2415FD00B31F19 /* Release */,
			);
			defaultConfigurationIsVisible = 0;
			defaultConfigurationName = Release;
		};
		B5D0C79B2E2415FD00B31F19 /* Build configuration list for PBXNativeTarget "template" */ = {
			isa = XCConfigurationList;
			buildConfigurations = (
				B5D0C79C2E2415FD00B31F19 /* Debug */,
				B5D0C79D2E2415FD00B31F19 /* Release */,
			);
			defaultConfigurationIsVisible = 0;
			defaultConfigurationName = Release;
		};
/* End XCConfigurationList section */

/* Begin XCLocalSwiftPackageReference section */
		B5A0A71A2F32A21A004D0593 /* XCLocalSwiftPackageReference "../dataconnect-generated/swift/DefaultConnector" */ = {
			isa = XCLocalSwiftPackageReference;
			relativePath = "../dataconnect-generated/swift/DefaultConnector";
		};
/* End XCLocalSwiftPackageReference section */

/* Begin XCRemoteSwiftPackageReference section */
		B5C0BDE72E241F6F00641B69 /* XCRemoteSwiftPackageReference "firebase-ios-sdk" */ = {
			isa = XCRemoteSwiftPackageReference;
			repositoryURL = "https://github.com/firebase/firebase-ios-sdk.git";
			requirement = {
				kind = upToNextMajorVersion;
				minimumVersion = 11.15.0;
			};
		};
/* End XCRemoteSwiftPackageReference section */

/* Begin XCSwiftPackageProductDependency section */
		B5A0A71B2F32A21A004D0593 /* DefaultConnector */ = {
			isa = XCSwiftPackageProductDependency;
			productName = DefaultConnector;
		};
		B5C0BDE52E241F1000641B69 /* DefaultConnector */ = {
			isa = XCSwiftPackageProductDependency;
			productName = DefaultConnector;
		};
		B5C0BDE82E241F6F00641B69 /* FirebaseAppCheck */ = {
			isa = XCSwiftPackageProductDependency;
			package = B5C0BDE72E241F6F00641B69 /* XCRemoteSwiftPackageReference "firebase-ios-sdk" */;
			productName = FirebaseAppCheck;
		};
		B5C0BDEA2E241F6F00641B69 /* FirebaseAuth */ = {
			isa = XCSwiftPackageProductDependency;
			package = B5C0BDE72E241F6F00641B69 /* XCRemoteSwiftPackageReference "firebase-ios-sdk" */;
			productName = FirebaseAuth;
		};
		B5C0BDEC2E241F6F00641B69 /* FirebaseCore */ = {
			isa = XCSwiftPackageProductDependency;
			package = B5C0BDE72E241F6F00641B69 /* XCRemoteSwiftPackageReference "firebase-ios-sdk" */;
			productName = FirebaseCore;
		};
		B5C0BDEE2E241F6F00641B69 /* FirebaseDatabase */ = {
			isa = XCSwiftPackageProductDependency;
			package = B5C0BDE72E241F6F00641B69 /* XCRemoteSwiftPackageReference "firebase-ios-sdk" */;
			productName = FirebaseDatabase;
		};
		B5C0BDF02E241F6F00641B69 /* FirebaseFirestore */ = {
			isa = XCSwiftPackageProductDependency;
			package = B5C0BDE72E241F6F00641B69 /* XCRemoteSwiftPackageReference "firebase-ios-sdk" */;
			productName = FirebaseFirestore;
		};
/* End XCSwiftPackageProductDependency section */
	};
	rootObject = B5D0C7862E2415FC00B31F19 /* Project object */;
}
